
Microsoft Visual Studio Solution File, Format Version 12.00
# Visual Studio Version 16
VisualStudioVersion = 16.0.29123.88
MinimumVisualStudioVersion = 10.0.40219.1
Project("{FAE04EC0-301F-11D3-BF4B-00C04F79EFBC}") = "PrjCSharpWiederholung", "PrjCSharpWiederholung\PrjCSharpWiederholung.csproj", "{06476F2A-24AB-494B-9902-327136C0FB0E}"
EndProject
Project("{FAE04EC0-301F-11D3-BF4B-00C04F79EFBC}") = "DelegatesUndEvents", "DelegatesUndEvents\DelegatesUndEvents.csproj", "{228DB3CD-EF7E-4AE6-8AF8-C19199873FA9}"
EndProject
Project("{FAE04EC0-301F-11D3-BF4B-00C04F79EFBC}") = "StrategyMitCScharp", "StrategyMitCScharp\StrategyMitCScharp.csproj", "{CC77DEA6-12B4-4FB7-AEB1-B34EB032CEAC}"
EndProject
Project("{FAE04EC0-301F-11D3-BF4B-00C04F79EFBC}") = "MoebelShop", "MoebelShop\MoebelShop.csproj", "{7ABDFBCD-F646-460A-ADB2-729D784AFE75}"
EndProject
Project("{FAE04EC0-301F-11D3-BF4B-00C04F79EFBC}") = "EventsInCSharp", "EventsInCSharp\EventsInCSharp.csproj", "{9561625D-7E38-4A77-8501-3846FF388BBB}"
EndProject
Global
	GlobalSection(SolutionConfigurationPlatforms) = preSolution
		Debug|Any CPU = Debug|Any CPU
		Release|Any CPU = Release|Any CPU
	EndGlobalSection
	GlobalSection(ProjectConfigurationPlatforms) = postSolution
		{06476F2A-24AB-494B-9902-327136C0FB0E}.Debug|Any CPU.ActiveCfg = Debug|Any CPU
		{06476F2A-24AB-494B-9902-327136C0FB0E}.Debug|Any CPU.Build.0 = Debug|Any CPU
		{06476F2A-24AB-494B-9902-327136C0FB0E}.Release|Any CPU.ActiveCfg = Release|Any CPU
		{06476F2A-24AB-494B-9902-327136C0FB0E}.Release|Any CPU.Build.0 = Release|Any CPU
		{228DB3CD-EF7E-4AE6-8AF8-C19199873FA9}.Debug|Any CPU.ActiveCfg = Debug|Any CPU
		{228DB3CD-EF7E-4AE6-8AF8-C19199873FA9}.Debug|Any CPU.Build.0 = Debug|Any CPU
		{228DB3CD-EF7E-4AE6-8AF8-C19199873FA9}.Release|Any CPU.ActiveCfg = Release|Any CPU
		{228DB3CD-EF7E-4AE6-8AF8-C19199873FA9}.Release|Any CPU.Build.0 = Release|Any CPU
		{CC77DEA6-12B4-4FB7-AEB1-B34EB032CEAC}.Debug|Any CPU.ActiveCfg = Debug|Any CPU
		{CC77DEA6-12B4-4FB7-AEB1-B34EB032CEAC}.Debug|Any CPU.Build.0 = Debug|Any CPU
		{CC77DEA6-12B4-4FB7-AEB1-B34EB032CEAC}.Release|Any CPU.ActiveCfg = Release|Any CPU
		{CC77DEA6-12B4-4FB7-AEB1-B34EB032CEAC}.Release|Any CPU.Build.0 = Release|Any CPU
		{7ABDFBCD-F646-460A-ADB2-729D784AFE75}.Debug|Any CPU.ActiveCfg = Debug|Any CPU
		{7ABDFBCD-F646-460A-ADB2-729D784AFE75}.Debug|Any CPU.Build.0 = Debug|Any CPU
		{7ABDFBCD-F646-460A-ADB2-729D784AFE75}.Release|Any CPU.ActiveCfg = Release|Any CPU
		{7ABDFBCD-F646-460A-ADB2-729D784AFE75}.Release|Any CPU.Build.0 = Release|Any CPU
		{9561625D-7E38-4A77-8501-3846FF388BBB}.Debug|Any CPU.ActiveCfg = Debug|Any CPU
		{9561625D-7E38-4A77-8501-3846FF388BBB}.Debug|Any CPU.Build.0 = Debug|Any CPU
		{9561625D-7E38-4A77-8501-3846FF388BBB}.Release|Any CPU.ActiveCfg = Release|Any CPU
		{9561625D-7E38-4A77-8501-3846FF388BBB}.Release|Any CPU.Build.0 = Release|Any CPU
	EndGlobalSection
	GlobalSection(SolutionProperties) = preSolution
		HideSolutionNode = FALSE
	EndGlobalSection
	GlobalSection(ExtensibilityGlobals) = postSolution
		SolutionGuid = {B0EB163E-6089-461E-9DC5-9FDB2C92F492}
	EndGlobalSection
EndGlobal
